// !$*UTF8*$!
{
	archiveVersion = 1;
	classes = {
	};
	objectVersion = 50;
	objects = {

/* Begin PBXBuildFile section */
		B4A9C11926F9F4AB00B7F6A6 /* AppDelegate.swift in Sources */ = {isa = PBXBuildFile; fileRef = B4A9C11826F9F4AB00B7F6A6 /* AppDelegate.swift */; };
		B4A9C11B26F9F4AB00B7F6A6 /* SceneDelegate.swift in Sources */ = {isa = PBXBuildFile; fileRef = B4A9C11A26F9F4AB00B7F6A6 /* SceneDelegate.swift */; };
		B4A9C11D26F9F4AB00B7F6A6 /* ContentView.swift in Sources */ = {isa = PBXBuildFile; fileRef = B4A9C11C26F9F4AB00B7F6A6 /* ContentView.swift */; };
		B4A9C11F26F9F4AC00B7F6A6 /* Assets.xcassets in Resources */ = {isa = PBXBuildFile; fileRef = B4A9C11E26F9F4AC00B7F6A6 /* Assets.xcassets */; };
		B4A9C12226F9F4AC00B7F6A6 /* Preview Assets.xcassets in Resources */ = {isa = PBXBuildFile; fileRef = B4A9C12126F9F4AC00B7F6A6 /* Preview Assets.xcassets */; };
		B4A9C12526F9F4AC00B7F6A6 /* LaunchScreen.storyboard in Resources */ = {isa = PBXBuildFile; fileRef = B4A9C12326F9F4AC00B7F6A6 /* LaunchScreen.storyboard */; };
		B4A9C13126F9F50500B7F6A6 /* DataModel.swift in Sources */ = {isa = PBXBuildFile; fileRef = B4A9C13026F9F50500B7F6A6 /* DataModel.swift */; };
		B4A9C13426F9F52600B7F6A6 /* Track.swift in Sources */ = {isa = PBXBuildFile; fileRef = B4A9C13326F9F52600B7F6A6 /* Track.swift */; };
		B4A9C13726F9F90C00B7F6A6 /* Favorites.swift in Sources */ = {isa = PBXBuildFile; fileRef = B4A9C13626F9F90C00B7F6A6 /* Favorites.swift */; };
		B4A9C13A26F9FCF300B7F6A6 /* Persistence.swift in Sources */ = {isa = PBXBuildFile; fileRef = B4A9C13926F9FCF300B7F6A6 /* Persistence.swift */; };
		B4A9C13D26F9FD1000B7F6A6 /* TrackLoader.swift in Sources */ = {isa = PBXBuildFile; fileRef = B4A9C13C26F9FD1000B7F6A6 /* TrackLoader.swift */; };
		B4A9C14026F9FD2200B7F6A6 /* ImageLoader.swift in Sources */ = {isa = PBXBuildFile; fileRef = B4A9C13F26F9FD2200B7F6A6 /* ImageLoader.swift */; };
		B4A9C14326F9FD4800B7F6A6 /* TrackListView.swift in Sources */ = {isa = PBXBuildFile; fileRef = B4A9C14226F9FD4800B7F6A6 /* TrackListView.swift */; };
		B4A9C14726F9FD6300B7F6A6 /* TrackDetailView.swift in Sources */ = {isa = PBXBuildFile; fileRef = B4A9C14626F9FD6300B7F6A6 /* TrackDetailView.swift */; };
		B4A9C14A26F9FD7900B7F6A6 /* TrackRowView.swift in Sources */ = {isa = PBXBuildFile; fileRef = B4A9C14926F9FD7900B7F6A6 /* TrackRowView.swift */; };
		B4A9C14D26F9FE2800B7F6A6 /* TrackImageView.swift in Sources */ = {isa = PBXBuildFile; fileRef = B4A9C14C26F9FE2800B7F6A6 /* TrackImageView.swift */; };
		B4A9C15026F9FE3F00B7F6A6 /* SearchBarView.swift in Sources */ = {isa = PBXBuildFile; fileRef = B4A9C14F26F9FE3F00B7F6A6 /* SearchBarView.swift */; };
		B4A9C15326F9FE9400B7F6A6 /* AppUsageView.swift in Sources */ = {isa = PBXBuildFile; fileRef = B4A9C15226F9FE9400B7F6A6 /* AppUsageView.swift */; };
/* End PBXBuildFile section */

/* Begin PBXFileReference section */
		B4A9C11526F9F4AB00B7F6A6 /* FavoriteTracks2.app */ = {isa = PBXFileReference; explicitFileType = wrapper.application; includeInIndex = 0; path = FavoriteTracks2.app; sourceTree = BUILT_PRODUCTS_DIR; };
		B4A9C11826F9F4AB00B7F6A6 /* AppDelegate.swift */ = {isa = PBXFileReference; lastKnownFileType = sourcecode.swift; path = AppDelegate.swift; sourceTree = "<group>"; };
		B4A9C11A26F9F4AB00B7F6A6 /* SceneDelegate.swift */ = {isa = PBXFileReference; lastKnownFileType = sourcecode.swift; path = SceneDelegate.swift; sourceTree = "<group>"; };
		B4A9C11C26F9F4AB00B7F6A6 /* ContentView.swift */ = {isa = PBXFileReference; lastKnownFileType = sourcecode.swift; path = ContentView.swift; sourceTree = "<group>"; };
		B4A9C11E26F9F4AC00B7F6A6 /* Assets.xcassets */ = {isa = PBXFileReference; lastKnownFileType = folder.assetcatalog; path = Assets.xcassets; sourceTree = "<group>"; };
		B4A9C12126F9F4AC00B7F6A6 /* Preview Assets.xcassets */ = {isa = PBXFileReference; lastKnownFileType = folder.assetcatalog; path = "Preview Assets.xcassets"; sourceTree = "<group>"; };
		B4A9C12426F9F4AC00B7F6A6 /* Base */ = {isa = PBXFileReference; lastKnownFileType = file.storyboard; name = Base; path = Base.lproj/LaunchScreen.storyboard; sourceTree = "<group>"; };
		B4A9C12626F9F4AC00B7F6A6 /* Info.plist */ = {isa = PBXFileReference; lastKnownFileType = text.plist.xml; path = Info.plist; sourceTree = "<group>"; };
		B4A9C13026F9F50500B7F6A6 /* DataModel.swift */ = {isa = PBXFileReference; lastKnownFileType = sourcecode.swift; path = DataModel.swift; sourceTree = "<group>"; };
		B4A9C13326F9F52600B7F6A6 /* Track.swift */ = {isa = PBXFileReference; lastKnownFileType = sourcecode.swift; path = Track.swift; sourceTree = "<group>"; };
		B4A9C13626F9F90C00B7F6A6 /* Favorites.swift */ = {isa = PBXFileReference; lastKnownFileType = sourcecode.swift; path = Favorites.swift; sourceTree = "<group>"; };
		B4A9C13926F9FCF300B7F6A6 /* Persistence.swift */ = {isa = PBXFileReference; lastKnownFileType = sourcecode.swift; path = Persistence.swift; sourceTree = "<group>"; };
		B4A9C13C26F9FD1000B7F6A6 /* TrackLoader.swift */ = {isa = PBXFileReference; lastKnownFileType = sourcecode.swift; path = TrackLoader.swift; sourceTree = "<group>"; };
		B4A9C13F26F9FD2200B7F6A6 /* ImageLoader.swift */ = {isa = PBXFileReference; lastKnownFileType = sourcecode.swift; path = ImageLoader.swift; sourceTree = "<group>"; };
		B4A9C14226F9FD4800B7F6A6 /* TrackListView.swift */ = {isa = PBXFileReference; lastKnownFileType = sourcecode.swift; path = TrackListView.swift; sourceTree = "<group>"; };
		B4A9C14626F9FD6300B7F6A6 /* TrackDetailView.swift */ = {isa = PBXFileReference; lastKnownFileType = sourcecode.swift; path = TrackDetailView.swift; sourceTree = "<group>"; };
		B4A9C14926F9FD7900B7F6A6 /* TrackRowView.swift */ = {isa = PBXFileReference; lastKnownFileType = sourcecode.swift; path = TrackRowView.swift; sourceTree = "<group>"; };
		B4A9C14C26F9FE2800B7F6A6 /* TrackImageView.swift */ = {isa = PBXFileReference; lastKnownFileType = sourcecode.swift; path = TrackImageView.swift; sourceTree = "<group>"; };
		B4A9C14F26F9FE3F00B7F6A6 /* SearchBarView.swift */ = {isa = PBXFileReference; lastKnownFileType = sourcecode.swift; path = SearchBarView.swift; sourceTree = "<group>"; };
		B4A9C15226F9FE9400B7F6A6 /* AppUsageView.swift */ = {isa = PBXFileReference; lastKnownFileType = sourcecode.swift; path = AppUsageView.swift; sourceTree = "<group>"; };
/* End PBXFileReference section */

/* Begin PBXFrameworksBuildPhase section */
		B4A9C11226F9F4AB00B7F6A6 /* Frameworks */ = {
			isa = PBXFrameworksBuildPhase;
			buildActionMask = 2147483647;
			files = (
			);
			runOnlyForDeploymentPostprocessing = 0;
		};
/* End PBXFrameworksBuildPhase section */

/* Begin PBXGroup section */
		B4A9C10C26F9F4AB00B7F6A6 = {
			isa = PBXGroup;
			children = (
				B4A9C11726F9F4AB00B7F6A6 /* FavoriteTracks2 */,
				B4A9C11626F9F4AB00B7F6A6 /* Products */,
			);
			sourceTree = "<group>";
		};
		B4A9C11626F9F4AB00B7F6A6 /* Products */ = {
			isa = PBXGroup;
			children = (
				B4A9C11526F9F4AB00B7F6A6 /* FavoriteTracks2.app */,
			);
			name = Products;
			sourceTree = "<group>";
		};
		B4A9C11726F9F4AB00B7F6A6 /* FavoriteTracks2 */ = {
			isa = PBXGroup;
			children = (
				B4A9C11826F9F4AB00B7F6A6 /* AppDelegate.swift */,
				B4A9C11A26F9F4AB00B7F6A6 /* SceneDelegate.swift */,
				B4A9C11C26F9F4AB00B7F6A6 /* ContentView.swift */,
				B4A9C12F26F9F4E500B7F6A6 /* Models */,
				B4A9C12E26F9F4D000B7F6A6 /* ModelViews */,
				B4A9C12D26F9F4BB00B7F6A6 /* Views */,
				B4A9C11E26F9F4AC00B7F6A6 /* Assets.xcassets */,
				B4A9C12326F9F4AC00B7F6A6 /* LaunchScreen.storyboard */,
				B4A9C12626F9F4AC00B7F6A6 /* Info.plist */,
				B4A9C12026F9F4AC00B7F6A6 /* Preview Content */,
			);
			path = FavoriteTracks2;
			sourceTree = "<group>";
		};
		B4A9C12026F9F4AC00B7F6A6 /* Preview Content */ = {
			isa = PBXGroup;
			children = (
				B4A9C12126F9F4AC00B7F6A6 /* Preview Assets.xcassets */,
			);
			path = "Preview Content";
			sourceTree = "<group>";
		};
		B4A9C12D26F9F4BB00B7F6A6 /* Views */ = {
			isa = PBXGroup;
			children = (
				B4A9C14226F9FD4800B7F6A6 /* TrackListView.swift */,
				B4A9C14626F9FD6300B7F6A6 /* TrackDetailView.swift */,
				B4A9C14926F9FD7900B7F6A6 /* TrackRowView.swift */,
				B4A9C14C26F9FE2800B7F6A6 /* TrackImageView.swift */,
				B4A9C14F26F9FE3F00B7F6A6 /* SearchBarView.swift */,
				B4A9C15226F9FE9400B7F6A6 /* AppUsageView.swift */,
			);
			path = Views;
			sourceTree = "<group>";
		};
		B4A9C12E26F9F4D000B7F6A6 /* ModelViews */ = {
			isa = PBXGroup;
			children = (
				B4A9C13F26F9FD2200B7F6A6 /* ImageLoader.swift */,
				B4A9C13926F9FCF300B7F6A6 /* Persistence.swift */,
				B4A9C13C26F9FD1000B7F6A6 /* TrackLoader.swift */,
			);
			path = ModelViews;
			sourceTree = "<group>";
		};
		B4A9C12F26F9F4E500B7F6A6 /* Models */ = {
			isa = PBXGroup;
			children = (
				B4A9C13026F9F50500B7F6A6 /* DataModel.swift */,
				B4A9C13326F9F52600B7F6A6 /* Track.swift */,
				B4A9C13626F9F90C00B7F6A6 /* Favorites.swift */,
			);
			path = Models;
			sourceTree = "<group>";
		};
/* End PBXGroup section */

/* Begin PBXNativeTarget section */
		B4A9C11426F9F4AB00B7F6A6 /* FavoriteTracks2 */ = {
			isa = PBXNativeTarget;
			buildConfigurationList = B4A9C12926F9F4AC00B7F6A6 /* Build configuration list for PBXNativeTarget "FavoriteTracks2" */;
			buildPhases = (
				B4A9C11126F9F4AB00B7F6A6 /* Sources */,
				B4A9C11226F9F4AB00B7F6A6 /* Frameworks */,
				B4A9C11326F9F4AB00B7F6A6 /* Resources */,
			);
			buildRules = (
			);
			dependencies = (
			);
			name = FavoriteTracks2;
			productName = FavoriteTracks2;
			productReference = B4A9C11526F9F4AB00B7F6A6 /* FavoriteTracks2.app */;
			productType = "com.apple.product-type.application";
		};
/* End PBXNativeTarget section */

/* Begin PBXProject section */
		B4A9C10D26F9F4AB00B7F6A6 /* Project object */ = {
			isa = PBXProject;
			attributes = {
				LastSwiftUpdateCheck = 1240;
				LastUpgradeCheck = 1240;
				TargetAttributes = {
					B4A9C11426F9F4AB00B7F6A6 = {
						CreatedOnToolsVersion = 12.4;
					};
				};
			};
			buildConfigurationList = B4A9C11026F9F4AB00B7F6A6 /* Build configuration list for PBXProject "FavoriteTracks2" */;
			compatibilityVersion = "Xcode 9.3";
			developmentRegion = en;
			hasScannedForEncodings = 0;
			knownRegions = (
				en,
				Base,
			);
			mainGroup = B4A9C10C26F9F4AB00B7F6A6;
			productRefGroup = B4A9C11626F9F4AB00B7F6A6 /* Products */;
			projectDirPath = "";
			projectRoot = "";
			targets = (
				B4A9C11426F9F4AB00B7F6A6 /* FavoriteTracks2 */,
			);
		};
/* End PBXProject section */

/* Begin PBXResourcesBuildPhase section */
		B4A9C11326F9F4AB00B7F6A6 /* Resources */ = {
			isa = PBXResourcesBuildPhase;
			buildActionMask = 2147483647;
			files = (
				B4A9C12526F9F4AC00B7F6A6 /* LaunchScreen.storyboard in Resources */,
				B4A9C12226F9F4AC00B7F6A6 /* Preview Assets.xcassets in Resources */,
				B4A9C11F26F9F4AC00B7F6A6 /* Assets.xcassets in Resources */,
			);
			runOnlyForDeploymentPostprocessing = 0;
		};
/* End PBXResourcesBuildPhase section */

/* Begin PBXSourcesBuildPhase section */
		B4A9C11126F9F4AB00B7F6A6 /* Sources */ = {
			isa = PBXSourcesBuildPhase;
			buildActionMask = 2147483647;
			files = (
				B4A9C13D26F9FD1000B7F6A6 /* TrackLoader.swift in Sources */,
				B4A9C14726F9FD6300B7F6A6 /* TrackDetailView.swift in Sources */,
				B4A9C11926F9F4AB00B7F6A6 /* AppDelegate.swift in Sources */,
				B4A9C14D26F9FE2800B7F6A6 /* TrackImageView.swift in Sources */,
				B4A9C13426F9F52600B7F6A6 /* Track.swift in Sources */,
				B4A9C13126F9F50500B7F6A6 /* DataModel.swift in Sources */,
				B4A9C14326F9FD4800B7F6A6 /* TrackListView.swift in Sources */,
				B4A9C15326F9FE9400B7F6A6 /* AppUsageView.swift in Sources */,
				B4A9C13A26F9FCF300B7F6A6 /* Persistence.swift in Sources */,
				B4A9C14026F9FD2200B7F6A6 /* ImageLoader.swift in Sources */,
				B4A9C13726F9F90C00B7F6A6 /* Favorites.swift in Sources */,
				B4A9C15026F9FE3F00B7F6A6 /* SearchBarView.swift in Sources */,
				B4A9C14A26F9FD7900B7F6A6 /* TrackRowView.swift in Sources */,
				B4A9C11B26F9F4AB00B7F6A6 /* SceneDelegate.swift in Sources */,
				B4A9C11D26F9F4AB00B7F6A6 /* ContentView.swift in Sources */,
			);
			runOnlyForDeploymentPostprocessing = 0;
		};
/* End PBXSourcesBuildPhase section */

/* Begin PBXVariantGroup section */
		B4A9C12326F9F4AC00B7F6A6 /* LaunchScreen.storyboard */ = {
			isa = PBXVariantGroup;
			children = (
				B4A9C12426F9F4AC00B7F6A6 /* Base */,
			);
			name = LaunchScreen.storyboard;
			sourceTree = "<group>";
		};
/* End PBXVariantGroup section */

/* Begin XCBuildConfiguration section */
		B4A9C12726F9F4AC00B7F6A6 /* Debug */ = {
			isa = XCBuildConfiguration;
			buildSettings = {
				ALWAYS_SEARCH_USER_PATHS = NO;
				CLANG_ANALYZER_NONNULL = YES;
				CLANG_ANALYZER_NUMBER_OBJECT_CONVERSION = YES_AGGRESSIVE;
				CLANG_CXX_LANGUAGE_STANDARD = "gnu++14";
				CLANG_CXX_LIBRARY = "libc++";
				CLANG_ENABLE_MODULES = YES;
				CLANG_ENABLE_OBJC_ARC = YES;
				CLANG_ENABLE_OBJC_WEAK = YES;
				CLANG_WARN_BLOCK_CAPTURE_AUTORELEASING = YES;
				CLANG_WARN_BOOL_CONVERSION = YES;
				CLANG_WARN_COMMA = YES;
				CLANG_WARN_CONSTANT_CONVERSION = YES;
				CLANG_WARN_DEPRECATED_OBJC_IMPLEMENTATIONS = YES;
				CLANG_WARN_DIRECT_OBJC_ISA_USAGE = YES_ERROR;
				CLANG_WARN_DOCUMENTATION_COMMENTS = YES;
				CLANG_WARN_EMPTY_BODY = YES;
				CLANG_WARN_ENUM_CONVERSION = YES;
				CLANG_WARN_INFINITE_RECURSION = YES;
				CLANG_WARN_INT_CONVERSION = YES;
				CLANG_WARN_NON_LITERAL_NULL_CONVERSION = YES;
				CLANG_WARN_OBJC_IMPLICIT_RETAIN_SELF = YES;
				CLANG_WARN_OBJC_LITERAL_CONVERSION = YES;
				CLANG_WARN_OBJC_ROOT_CLASS = YES_ERROR;
				CLANG_WARN_QUOTED_INCLUDE_IN_FRAMEWORK_HEADER = YES;
				CLANG_WARN_RANGE_LOOP_ANALYSIS = YES;
				CLANG_WARN_STRICT_PROTOTYPES = YES;
				CLANG_WARN_SUSPICIOUS_MOVE = YES;
				CLANG_WARN_UNGUARDED_AVAILABILITY = YES_AGGRESSIVE;
				CLANG_WARN_UNREACHABLE_CODE = YES;
				CLANG_WARN__DUPLICATE_METHOD_MATCH = YES;
				COPY_PHASE_STRIP = NO;
				DEBUG_INFORMATION_FORMAT = dwarf;
				ENABLE_STRICT_OBJC_MSGSEND = YES;
				ENABLE_TESTABILITY = YES;
				GCC_C_LANGUAGE_STANDARD = gnu11;
				GCC_DYNAMIC_NO_PIC = NO;
				GCC_NO_COMMON_BLOCKS = YES;
				GCC_OPTIMIZATION_LEVEL = 0;
				GCC_PREPROCESSOR_DEFINITIONS = (
					"DEBUG=1",
					"$(inherited)",
				);
				GCC_WARN_64_TO_32_BIT_CONVERSION = YES;
				GCC_WARN_ABOUT_RETURN_TYPE = YES_ERROR;
				GCC_WARN_UNDECLARED_SELECTOR = YES;
				GCC_WARN_UNINITIALIZED_AUTOS = YES_AGGRESSIVE;
				GCC_WARN_UNUSED_FUNCTION = YES;
				GCC_WARN_UNUSED_VARIABLE = YES;
				IPHONEOS_DEPLOYMENT_TARGET = 14.4;
				MTL_ENABLE_DEBUG_INFO = INCLUDE_SOURCE;
				MTL_FAST_MATH = YES;
				ONLY_ACTIVE_ARCH = YES;
				SDKROOT = iphoneos;
				SWIFT_ACTIVE_COMPILATION_CONDITIONS = DEBUG;
				SWIFT_OPTIMIZATION_LEVEL = "-Onone";
			};
			name = Debug;
		};
		B4A9C12826F9F4AC00B7F6A6 /* Release */ = {
			isa = XCBuildConfiguration;
			buildSettings = {
				ALWAYS_SEARCH_USER_PATHS = NO;
				CLANG_ANALYZER_NONNULL = YES;
				CLANG_ANALYZER_NUMBER_OBJECT_CONVERSION = YES_AGGRESSIVE;
				CLANG_CXX_LANGUAGE_STANDARD = "gnu++14";
				CLANG_CXX_LIBRARY = "libc++";
				CLANG_ENABLE_MODULES = YES;
				CLANG_ENABLE_OBJC_ARC = YES;
				CLANG_ENABLE_OBJC_WEAK = YES;
				CLANG_WARN_BLOCK_CAPTURE_AUTORELEASING = YES;
				CLANG_WARN_BOOL_CONVERSION = YES;
				CLANG_WARN_COMMA = YES;
				CLANG_WARN_CONSTANT_CONVERSION = YES;
				CLANG_WARN_DEPRECATED_OBJC_IMPLEMENTATIONS = YES;
				CLANG_WARN_DIRECT_OBJC_ISA_USAGE = YES_ERROR;
				CLANG_WARN_DOCUMENTATION_COMMENTS = YES;
				CLANG_WARN_EMPTY_BODY = YES;
				CLANG_WARN_ENUM_CONVERSION = YES;
				CLANG_WARN_INFINITE_RECURSION = YES;
				CLANG_WARN_INT_CONVERSION = YES;
				CLANG_WARN_NON_LITERAL_NULL_CONVERSION = YES;
				CLANG_WARN_OBJC_IMPLICIT_RETAIN_SELF = YES;
				CLANG_WARN_OBJC_LITERAL_CONVERSION = YES;
				CLANG_WARN_OBJC_ROOT_CLASS = YES_ERROR;
				CLANG_WARN_QUOTED_INCLUDE_IN_FRAMEWORK_HEADER = YES;
				CLANG_WARN_RANGE_LOOP_ANALYSIS = YES;
				CLANG_WARN_STRICT_PROTOTYPES = YES;
				CLANG_WARN_SUSPICIOUS_MOVE = YES;
				CLANG_WARN_UNGUARDED_AVAILABILITY = YES_AGGRESSIVE;
				CLANG_WARN_UNREACHABLE_CODE = YES;
				CLANG_WARN__DUPLICATE_METHOD_MATCH = YES;
				COPY_PHASE_STRIP = NO;
				DEBUG_INFORMATION_FORMAT = "dwarf-with-dsym";
				ENABLE_NS_ASSERTIONS = NO;
				ENABLE_STRICT_OBJC_MSGSEND = YES;
				GCC_C_LANGUAGE_STANDARD = gnu11;
				GCC_NO_COMMON_BLOCKS = YES;
				GCC_WARN_64_TO_32_BIT_CONVERSION = YES;
				GCC_WARN_ABOUT_RETURN_TYPE = YES_ERROR;
				GCC_WARN_UNDECLARED_SELECTOR = YES;
				GCC_WARN_UNINITIALIZED_AUTOS = YES_AGGRESSIVE;
				GCC_WARN_UNUSED_FUNCTION = YES;
				GCC_WARN_UNUSED_VARIABLE = YES;
				IPHONEOS_DEPLOYMENT_TARGET = 14.4;
				MTL_ENABLE_DEBUG_INFO = NO;
				MTL_FAST_MATH = YES;
				SDKROOT = iphoneos;
				SWIFT_COMPILATION_MODE = wholemodule;
				SWIFT_OPTIMIZATION_LEVEL = "-O";
				VALIDATE_PRODUCT = YES;
			};
			name = Release;
		};
		B4A9C12A26F9F4AC00B7F6A6 /* Debug */ = {
			isa = XCBuildConfiguration;
			buildSettings = {
				ASSETCATALOG_COMPILER_APPICON_NAME = AppIcon;
				ASSETCATALOG_COMPILER_GLOBAL_ACCENT_COLOR_NAME = AccentColor;
				CODE_SIGN_STYLE = Automatic;
				DEVELOPMENT_ASSET_PATHS = "\"FavoriteTracks2/Preview Content\"";
				ENABLE_PREVIEWS = YES;
				INFOPLIST_FILE = FavoriteTracks2/Info.plist;
				LD_RUNPATH_SEARCH_PATHS = (
					"$(inherited)",
					"@executable_path/Frameworks",
				);
				PRODUCT_BUNDLE_IDENTIFIER = BenDemo.FavoriteTracks2;
				PRODUCT_NAME = "$(TARGET_NAME)";
				SWIFT_VERSION = 5.0;
				TARGETED_DEVICE_FAMILY = "1,2";
			};
			name = Debug;
		};
		B4A9C12B26F9F4AC00B7F6A6 /* Release */ = {
			isa = XCBuildConfiguration;
			buildSettings = {
				ASSETCATALOG_COMPILER_APPICON_NAME = AppIcon;
				ASSETCATALOG_COMPILER_GLOBAL_ACCENT_COLOR_NAME = AccentColor;
				CODE_SIGN_STYLE = Automatic;
				DEVELOPMENT_ASSET_PATHS = "\"FavoriteTracks2/Preview Content\"";
				ENABLE_PREVIEWS = YES;
				INFOPLIST_FILE = FavoriteTracks2/Info.plist;
				LD_RUNPATH_SEARCH_PATHS = (
					"$(inherited)",
					"@executable_path/Frameworks",
				);
				PRODUCT_BUNDLE_IDENTIFIER = BenDemo.FavoriteTracks2;
				PRODUCT_NAME = "$(TARGET_NAME)";
				SWIFT_VERSION = 5.0;
				TARGETED_DEVICE_FAMILY = "1,2";
			};
			name = Release;
		};
/* End XCBuildConfiguration section */

/* Begin XCConfigurationList section */
		B4A9C11026F9F4AB00B7F6A6 /* Build configuration list for PBXProject "FavoriteTracks2" */ = {
			isa = XCConfigurationList;
			buildConfigurations = (
				B4A9C12726F9F4AC00B7F6A6 /* Debug */,
				B4A9C12826F9F4AC00B7F6A6 /* Release */,
			);
			defaultConfigurationIsVisible = 0;
			defaultConfigurationName = Release;
		};
		B4A9C12926F9F4AC00B7F6A6 /* Build configuration list for PBXNativeTarget "FavoriteTracks2" */ = {
			isa = XCConfigurationList;
			buildConfigurations = (
				B4A9C12A26F9F4AC00B7F6A6 /* Debug */,
				B4A9C12B26F9F4AC00B7F6A6 /* Release */,
			);
			defaultConfigurationIsVisible = 0;
			defaultConfigurationName = Release;
		};
/* End XCConfigurationList section */
	};
	rootObject = B4A9C10D26F9F4AB00B7F6A6 /* Project object */;
}
